# This file is autogenerated, do not edit; changes may be undone by the next 'dep ensure'.


[[projects]]
  name = "github.com/Shopify/sarama"
  packages = ["."]
  revision = "c01858abb625b73a3af51d0798e4ad42c8147093"
  version = "v1.12.0"

[[projects]]
  name = "github.com/davecgh/go-spew"
  packages = ["spew"]
  revision = "5215b55f46b2b919f50a1df0eaa5886afe4e3b3d"

[[projects]]
  name = "github.com/eapache/go-resiliency"
  packages = ["breaker"]
  revision = "6800482f2c813e689c88b7ed3282262385011890"
  version = "v1.0.0"

[[projects]]
  branch = "master"
  name = "github.com/eapache/go-xerial-snappy"
  packages = ["."]
  revision = "bb955e01b9346ac19dc29eb16586c90ded99a98c"

[[projects]]
  name = "github.com/eapache/queue"
  packages = ["."]
  revision = "d1df561eb6b9ffdac8dd98f943e9e9096c76c059"

[[projects]]
  name = "github.com/golang/protobuf"
  packages = ["proto","ptypes","ptypes/any","ptypes/duration","ptypes/timestamp"]
  revision = "8ee79997227bf9b34611aee7946ae64735e6fd93"

[[projects]]
  name = "github.com/golang/snappy"
  packages = ["."]
  revision = "1963d058044b19e16595f80d5050fa54e2070438"

[[projects]]
  name = "github.com/gorilla/context"
  packages = ["."]
  revision = "215affda49addc4c8ef7e2534915df2c8c35c6cd"

[[projects]]
  name = "github.com/gorilla/mux"
  packages = ["."]
  revision = "8096f47503459bcc74d1f4c487b7e6e42e5746b5"

[[projects]]
  name = "github.com/mailgun/holster"
  packages = ["clock","errors","stack"]
  revision = "cdd4fc684bb017088463228d994f229ed95eb681"
  version = "v1.3.0"

[[projects]]
  name = "github.com/mailgun/logrus-hooks"
  packages = ["common","kafkahook","levelfilter"]
  revision = "5ee121b6e962bf95caf2804f475bfcb9305ba6f6"
  version = "v1.1.0"

[[projects]]
  name = "github.com/mailru/easyjson"
  packages = [".","buffer","jlexer","jwriter"]
  revision = "2f5df55504ebc322e4d52d34df6a1f5b503bf26d"

[[projects]]
  name = "github.com/pierrec/lz4"
  packages = ["."]
  revision = "90290f74b1b4d9c097f0a3b3c7eba2ef3875c699"

[[projects]]
  name = "github.com/pierrec/xxHash"
  packages = ["xxHash32"]
  revision = "5a004441f897722c627870a981d02b29924215fa"

[[projects]]
  name = "github.com/pkg/errors"
  packages = ["."]
  revision = "645ef00459ed84a119197bfb8d8205042c6df63d"
  version = "v0.8.0"

[[projects]]
  branch = "master"
  name = "github.com/rcrowley/go-metrics"
  packages = ["."]
  revision = "1f30fe9094a513ce4c700b9a54458bbb0c96996c"

[[projects]]
  name = "github.com/samuel/go-zookeeper"
  packages = ["zk"]
  revision = "1d7be4effb13d2d908342d349d71a284a7542693"

[[projects]]
  name = "github.com/sirupsen/logrus"
  packages = [".","hooks/syslog"]
  revision = "7f976d3a76720c4c27af2ba716b85d2e0a7e38b1"
  version = "v1.0.1"

[[projects]]
  branch = "master"
  name = "github.com/wvanbergen/kazoo-go"
  packages = ["."]
  revision = "968957352185472eacb69215fa3dbfcfdbac1096"

[[projects]]
  branch = "master"
  name = "golang.org/x/net"
  packages = ["context","http2","http2/hpack","idna","internal/timeseries","lex/httplex","trace"]
  revision = "66aacef3dd8a676686c7ae3716979581e8b03c47"

[[projects]]
  name = "golang.org/x/sys"
  packages = ["unix"]
  revision = "d75a52659825e75fff6158388dddc6a5b04f9ba5"

[[projects]]
  branch = "master"
  name = "golang.org/x/text"
  packages = ["internal/gen","internal/triegen","internal/ucd","secure/bidirule","transform","unicode/bidi","unicode/cldr","unicode/norm","unicode/rangetable"]
  revision = "e113a52b01bdd1744681b6ce70c2e3d26b58d389"

[[projects]]
  branch = "master"
  name = "google.golang.org/genproto"
  packages = ["googleapis/rpc/status"]
  revision = "ee236bd376b077c7a89f260c026c4735b195e459"

[[projects]]
  name = "google.golang.org/grpc"
  packages = [".","codes","connectivity","credentials","grpclb/grpc_lb_v1/messages","grpclog","internal","keepalive","metadata","naming","peer","stats","status","tap","transport"]
  revision = "f92cdcd7dcdc69e81b2d7b338479a19a8723cfa3"
  version = "v1.6.0"

[[projects]]
  branch = "v1"
  name = "gopkg.in/check.v1"
  packages = ["."]
  revision = "20d25e2804050c1cd24a7eea1e7a6447dd0e74ec"

[[projects]]
  name = "gopkg.in/yaml.v2"
  packages = ["."]
  revision = "31c299268d302dd0aa9a0dcf765a3d58971ac83f"

[solve-meta]
  analyzer-name = "dep"
  analyzer-version = 1
  inputs-digest = "e12a605b744056b357f76c02d3621c701787c392b4ad3e64cf69912950837418"
  solver-name = "gps-cdcl"
  solver-version = 1
